// !$*UTF8*$!
{
	archiveVersion = 1;
	classes = {
	};
	objectVersion = 46;
	objects = {

/* Begin PBXBuildFile section */
		0518B53F1D6AE4D200714E7F /* AppDelegate.swift in Sources */ = {isa = PBXBuildFile; fileRef = 0518B53E1D6AE4D200714E7F /* AppDelegate.swift */; };
		0518B5411D6AE4D200714E7F /* ViewController.swift in Sources */ = {isa = PBXBuildFile; fileRef = 0518B5401D6AE4D200714E7F /* ViewController.swift */; };
		0518B5441D6AE4D200714E7F /* Main.storyboard in Resources */ = {isa = PBXBuildFile; fileRef = 0518B5421D6AE4D200714E7F /* Main.storyboard */; };
		0518B5461D6AE4D200714E7F /* Assets.xcassets in Resources */ = {isa = PBXBuildFile; fileRef = 0518B5451D6AE4D200714E7F /* Assets.xcassets */; };
		0518B5491D6AE4D200714E7F /* LaunchScreen.storyboard in Resources */ = {isa = PBXBuildFile; fileRef = 0518B5471D6AE4D200714E7F /* LaunchScreen.storyboard */; };
		0518B56D1D6AE6EE00714E7F /* Alamofire.framework in Frameworks */ = {isa = PBXBuildFile; fileRef = 0518B56C1D6AE6EE00714E7F /* Alamofire.framework */; };
/* End PBXBuildFile section */

/* Begin PBXFileReference section */
		0518B53B1D6AE4D200714E7F /* CarthageDemo.app */ = {isa = PBXFileReference; explicitFileType = wrapper.application; includeInIndex = 0; path = CarthageDemo.app; sourceTree = BUILT_PRODUCTS_DIR; };
		0518B53E1D6AE4D200714E7F /* AppDelegate.swift */ = {isa = PBXFileReference; lastKnownFileType = sourcecode.swift; path = AppDelegate.swift; sourceTree = "<group>"; };
		0518B5401D6AE4D200714E7F /* ViewController.swift */ = {isa = PBXFileReference; lastKnownFileType = sourcecode.swift; path = ViewController.swift; sourceTree = "<group>"; };
		0518B5431D6AE4D200714E7F /* Base */ = {isa = PBXFileReference; lastKnownFileType = file.storyboard; name = Base; path = Base.lproj/Main.storyboard; sourceTree = "<group>"; };
		0518B5451D6AE4D200714E7F /* Assets.xcassets */ = {isa = PBXFileReference; lastKnownFileType = folder.assetcatalog; path = Assets.xcassets; sourceTree = "<group>"; };
		0518B5481D6AE4D200714E7F /* Base */ = {isa = PBXFileReference; lastKnownFileType = file.storyboard; name = Base; path = Base.lproj/LaunchScreen.storyboard; sourceTree = "<group>"; };
		0518B54A1D6AE4D200714E7F /* Info.plist */ = {isa = PBXFileReference; lastKnownFileType = text.plist.xml; path = Info.plist; sourceTree = "<group>"; };
		0518B56C1D6AE6EE00714E7F /* Alamofire.framework */ = {isa = PBXFileReference; lastKnownFileType = wrapper.framework; name = Alamofire.framework; path = Carthage/Build/iOS/Alamofire.framework; sourceTree = "<group>"; };
/* End PBXFileReference section */

/* Begin PBXFrameworksBuildPhase section */
		0518B5381D6AE4D200714E7F /* Frameworks */ = {
			isa = PBXFrameworksBuildPhase;
			buildActionMask = 2147483647;
			files = (
				0518B56D1D6AE6EE00714E7F /* Alamofire.framework in Frameworks */,
			);
			runOnlyForDeploymentPostprocessing = 0;
		};
/* End PBXFrameworksBuildPhase section */

/* Begin PBXGroup section */
		0518B5321D6AE4D200714E7F = {
			isa = PBXGroup;
			children = (
				0518B53D1D6AE4D200714E7F /* CarthageDemo */,
				0518B56E1D6AE6F900714E7F /* Frameworks */,
				0518B53C1D6AE4D200714E7F /* Products */,
			);
			sourceTree = "<group>";
		};
		0518B53C1D6AE4D200714E7F /* Products */ = {
			isa = PBXGroup;
			children = (
				0518B53B1D6AE4D200714E7F /* CarthageDemo.app */,
			);
			name = Products;
			sourceTree = "<group>";
		};
		0518B53D1D6AE4D200714E7F /* CarthageDemo */ = {
			isa = PBXGroup;
			children = (
				0518B53E1D6AE4D200714E7F /* AppDelegate.swift */,
				0518B5401D6AE4D200714E7F /* ViewController.swift */,
				0518B5421D6AE4D200714E7F /* Main.storyboard */,
				0518B5451D6AE4D200714E7F /* Assets.xcassets */,
				0518B5471D6AE4D200714E7F /* LaunchScreen.storyboard */,
				0518B54A1D6AE4D200714E7F /* Info.plist */,
			);
			path = CarthageDemo;
			sourceTree = "<group>";
		};
		0518B56E1D6AE6F900714E7F /* Frameworks */ = {
			isa = PBXGroup;
			children = (
				0518B56C1D6AE6EE00714E7F /* Alamofire.framework */,
			);
			name = Frameworks;
			sourceTree = "<group>";
		};
/* End PBXGroup section */

/* Begin PBXNativeTarget section */
		0518B53A1D6AE4D200714E7F /* CarthageDemo */ = {
			isa = PBXNativeTarget;
			buildConfigurationList = 0518B5631D6AE4D200714E7F /* Build configuration list for PBXNativeTarget "CarthageDemo" */;
			buildPhases = (
				0518B5371D6AE4D200714E7F /* Sources */,
				0518B5381D6AE4D200714E7F /* Frameworks */,
				0518B5391D6AE4D200714E7F /* Resources */,
				0518B56F1D6AE72100714E7F /* Embed Carthage Frameworks */,
			);
			buildRules = (
			);
			dependencies = (
			);
			name = CarthageDemo;
			productName = CarthageDemo;
			productReference = 0518B53B1D6AE4D200714E7F /* CarthageDemo.app */;
			productType = "com.apple.product-type.application";
		};
/* End PBXNativeTarget section */

/* Begin PBXProject section */
		0518B5331D6AE4D200714E7F /* Project object */ = {
			isa = PBXProject;
			attributes = {
				LastSwiftUpdateCheck = 0800;
				LastUpgradeCheck = 0800;
				ORGANIZATIONNAME = "Seesaa Inc.";
				TargetAttributes = {
					0518B53A1D6AE4D200714E7F = {
						CreatedOnToolsVersion = 8.0;
						DevelopmentTeam = YL4Z4YD3ML;
						ProvisioningStyle = Automatic;
					};
				};
			};
			buildConfigurationList = 0518B5361D6AE4D200714E7F /* Build configuration list for PBXProject "CarthageDemo" */;
			compatibilityVersion = "Xcode 3.2";
			developmentRegion = English;
			hasScannedForEncodings = 0;
			knownRegions = (
				en,
				Base,
			);
			mainGroup = 0518B5321D6AE4D200714E7F;
			productRefGroup = 0518B53C1D6AE4D200714E7F /* Products */;
			projectDirPath = "";
			projectRoot = "";
			targets = (
				0518B53A1D6AE4D200714E7F /* CarthageDemo */,
			);
		};
/* End PBXProject section */

/* Begin PBXResourcesBuildPhase section */
		0518B5391D6AE4D200714E7F /* Resources */ = {
			isa = PBXResourcesBuildPhase;
			buildActionMask = 2147483647;
			files = (
				0518B5491D6AE4D200714E7F /* LaunchScreen.storyboard in Resources */,
				0518B5461D6AE4D200714E7F /* Assets.xcassets in Resources */,
				0518B5441D6AE4D200714E7F /* Main.storyboard in Resources */,
			);
			runOnlyForDeploymentPostprocessing = 0;
		};
/* End PBXResourcesBuildPhase section */

/* Begin PBXShellScriptBuildPhase section */
		0518B56F1D6AE72100714E7F /* Embed Carthage Frameworks */ = {
			isa = PBXShellScriptBuildPhase;
			buildActionMask = 2147483647;
			files = (
			);
			inputPaths = (
				"$(SRCROOT)/Carthage/Build/iOS/Alamofire.framework",
			);
			name = "Embed Carthage Frameworks";
			outputPaths = (
			);
			runOnlyForDeploymentPostprocessing = 0;
			shellPath = /bin/sh;
			shellScript = "/usr/local/bin/carthage copy-frameworks";
		};
/* End PBXShellScriptBuildPhase section */

/* Begin PBXSourcesBuildPhase section */
		0518B5371D6AE4D200714E7F /* Sources */ = {
			isa = PBXSourcesBuildPhase;
			buildActionMask = 2147483647;
			files = (
				0518B5411D6AE4D200714E7F /* ViewController.swift in Sources */,
				0518B53F1D6AE4D200714E7F /* AppDelegate.swift in Sources */,
			);
			runOnlyForDeploymentPostprocessing = 0;
		};
/* End PBXSourcesBuildPhase section */

/* Begin PBXVariantGroup section */
		0518B5421D6AE4D200714E7F /* Main.storyboard */ = {
			isa = PBXVariantGroup;
			children = (
				0518B5431D6AE4D200714E7F /* Base */,
			);
			name = Main.storyboard;
			sourceTree = "<group>";
		};
		0518B5471D6AE4D200714E7F /* LaunchScreen.storyboard */ = {
			isa = PBXVariantGroup;
			children = (
				0518B5481D6AE4D200714E7F /* Base */,
			);
			name = LaunchScreen.storyboard;
			sourceTree = "<group>";
		};
/* End PBXVariantGroup section */

/* Begin XCBuildConfiguration section */
		0518B5611D6AE4D200714E7F /* Debug */ = {
			isa = XCBuildConfiguration;
			buildSettings = {
				ALWAYS_SEARCH_USER_PATHS = NO;
				CLANG_ANALYZER_NONNULL = YES;
				CLANG_CXX_LANGUAGE_STANDARD = "gnu++0x";
				CLANG_CXX_LIBRARY = "libc++";
				CLANG_ENABLE_MODULES = YES;
				CLANG_ENABLE_OBJC_ARC = YES;
				CLANG_WARN_BOOL_CONVERSION = YES;
				CLANG_WARN_CONSTANT_CONVERSION = YES;
				CLANG_WARN_DIRECT_OBJC_ISA_USAGE = YES_ERROR;
				CLANG_WARN_DOCUMENTATION_COMMENTS = YES;
				CLANG_WARN_EMPTY_BODY = YES;
				CLANG_WARN_ENUM_CONVERSION = YES;
				CLANG_WARN_INFINITE_RECURSION = YES;
				CLANG_WARN_INT_CONVERSION = YES;
				CLANG_WARN_OBJC_ROOT_CLASS = YES_ERROR;
				CLANG_WARN_SUSPICIOUS_MOVES = YES;
				CLANG_WARN_UNREACHABLE_CODE = YES;
				CLANG_WARN__DUPLICATE_METHOD_MATCH = YES;
				"CODE_SIGN_IDENTITY[sdk=iphoneos*]" = "iPhone Developer";
				COPY_PHASE_STRIP = NO;
				DEBUG_INFORMATION_FORMAT = dwarf;
				ENABLE_STRICT_OBJC_MSGSEND = YES;
				ENABLE_TESTABILITY = YES;
				GCC_C_LANGUAGE_STANDARD = gnu99;
				GCC_DYNAMIC_NO_PIC = NO;
				GCC_NO_COMMON_BLOCKS = YES;
				GCC_OPTIMIZATION_LEVEL = 0;
				GCC_PREPROCESSOR_DEFINITIONS = (
					"DEBUG=1",
					"$(inherited)",
				);
				GCC_WARN_64_TO_32_BIT_CONVERSION = YES;
				GCC_WARN_ABOUT_RETURN_TYPE = YES_ERROR;
				GCC_WARN_UNDECLARED_SELECTOR = YES;
				GCC_WARN_UNINITIALIZED_AUTOS = YES_AGGRESSIVE;
				GCC_WARN_UNUSED_FUNCTION = YES;
				GCC_WARN_UNUSED_VARIABLE = YES;
				IPHONEOS_DEPLOYMENT_TARGET = 10.0;
				MTL_ENABLE_DEBUG_INFO = YES;
				ONLY_ACTIVE_ARCH = YES;
				SDKROOT = iphoneos;
				SWIFT_ACTIVE_COMPILATION_CONDITIONS = DEBUG;
				SWIFT_OPTIMIZATION_LEVEL = "-Onone";
				TARGETED_DEVICE_FAMILY = "1,2";
			};
			name = Debug;
		};
		0518B5621D6AE4D200714E7F /* Release */ = {
			isa = XCBuildConfiguration;
			buildSettings = {
				ALWAYS_SEARCH_USER_PATHS = NO;
				CLANG_ANALYZER_NONNULL = YES;
				CLANG_CXX_LANGUAGE_STANDARD = "gnu++0x";
				CLANG_CXX_LIBRARY = "libc++";
				CLANG_ENABLE_MODULES = YES;
				CLANG_ENABLE_OBJC_ARC = YES;
				CLANG_WARN_BOOL_CONVERSION = YES;
				CLANG_WARN_CONSTANT_CONVERSION = YES;
				CLANG_WARN_DIRECT_OBJC_ISA_USAGE = YES_ERROR;
				CLANG_WARN_DOCUMENTATION_COMMENTS = YES;
				CLANG_WARN_EMPTY_BODY = YES;
				CLANG_WARN_ENUM_CONVERSION = YES;
				CLANG_WARN_INFINITE_RECURSION = YES;
				CLANG_WARN_INT_CONVERSION = YES;
				CLANG_WARN_OBJC_ROOT_CLASS = YES_ERROR;
				CLANG_WARN_SUSPICIOUS_MOVES = YES;
				CLANG_WARN_UNREACHABLE_CODE = YES;
				CLANG_WARN__DUPLICATE_METHOD_MATCH = YES;
				"CODE_SIGN_IDENTITY[sdk=iphoneos*]" = "iPhone Developer";
				COPY_PHASE_STRIP = NO;
				DEBUG_INFORMATION_FORMAT = "dwarf-with-dsym";
				ENABLE_NS_ASSERTIONS = NO;
				ENABLE_STRICT_OBJC_MSGSEND = YES;
				GCC_C_LANGUAGE_STANDARD = gnu99;
				GCC_NO_COMMON_BLOCKS = YES;
				GCC_WARN_64_TO_32_BIT_CONVERSION = YES;
				GCC_WARN_ABOUT_RETURN_TYPE = YES_ERROR;
				GCC_WARN_UNDECLARED_SELECTOR = YES;
				GCC_WARN_UNINITIALIZED_AUTOS = YES_AGGRESSIVE;
				GCC_WARN_UNUSED_FUNCTION = YES;
				GCC_WARN_UNUSED_VARIABLE = YES;
				IPHONEOS_DEPLOYMENT_TARGET = 10.0;
				MTL_ENABLE_DEBUG_INFO = NO;
				SDKROOT = iphoneos;
				SWIFT_OPTIMIZATION_LEVEL = "-Owholemodule";
				TARGETED_DEVICE_FAMILY = "1,2";
				VALIDATE_PRODUCT = YES;
			};
			name = Release;
		};
		0518B5641D6AE4D200714E7F /* Debug */ = {
			isa = XCBuildConfiguration;
			buildSettings = {
				ASSETCATALOG_COMPILER_APPICON_NAME = AppIcon;
				DEVELOPMENT_TEAM = YL4Z4YD3ML;
				FRAMEWORK_SEARCH_PATHS = (
					"$(inherited)",
					"$(PROJECT_DIR)/Carthage/Build/iOS",
				);
				INFOPLIST_FILE = CarthageDemo/Info.plist;
				LD_RUNPATH_SEARCH_PATHS = "$(inherited) @executable_path/Frameworks";
				PRODUCT_BUNDLE_IDENTIFIER = com.cocoabagel.CarthageDemo;
				PRODUCT_NAME = "$(TARGET_NAME)";
				SWIFT_VERSION = 3.0;
			};
			name = Debug;
		};
		0518B5651D6AE4D200714E7F /* Release */ = {
			isa = XCBuildConfiguration;
			buildSettings = {
				ASSETCATALOG_COMPILER_APPICON_NAME = AppIcon;
				DEVELOPMENT_TEAM = YL4Z4YD3ML;
				FRAMEWORK_SEARCH_PATHS = (
					"$(inherited)",
					"$(PROJECT_DIR)/Carthage/Build/iOS",
				);
				INFOPLIST_FILE = CarthageDemo/Info.plist;
				LD_RUNPATH_SEARCH_PATHS = "$(inherited) @executable_path/Frameworks";
				PRODUCT_BUNDLE_IDENTIFIER = com.cocoabagel.CarthageDemo;
				PRODUCT_NAME = "$(TARGET_NAME)";
				SWIFT_VERSION = 3.0;
			};
			name = Release;
		};
/* End XCBuildConfiguration section */

/* Begin XCConfigurationList section */
		0518B5361D6AE4D200714E7F /* Build configuration list for PBXProject "CarthageDemo" */ = {
			isa = XCConfigurationList;
			buildConfigurations = (
				0518B5611D6AE4D200714E7F /* Debug */,
				0518B5621D6AE4D200714E7F /* Release */,
			);
			defaultConfigurationIsVisible = 0;
			defaultConfigurationName = Release;
		};
		0518B5631D6AE4D200714E7F /* Build configuration list for PBXNativeTarget "CarthageDemo" */ = {
			isa = XCConfigurationList;
			buildConfigurations = (
				0518B5641D6AE4D200714E7F /* Debug */,
				0518B5651D6AE4D200714E7F /* Release */,
			);
			defaultConfigurationIsVisible = 0;
			defaultConfigurationName = Release;
		};
/* End XCConfigurationList section */
	};
	rootObject = 0518B5331D6AE4D200714E7F /* Project object */;
}
